
Microsoft Visual Studio Solution File, Format Version 12.00
# Visual Studio Version 17
VisualStudioVersion = 17.11.35208.52
MinimumVisualStudioVersion = 10.0.40219.1
Project("{FAE04EC0-301F-11D3-BF4B-00C04F79EFBC}") = "Archivos", "Archivos\Archivos.csproj", "{38AED7D1-96A0-42E2-AD5C-E95429953741}"
EndProject
Global
	GlobalSection(SolutionConfigurationPlatforms) = preSolution
		Debug|Any CPU = Debug|Any CPU
		Release|Any CPU = Release|Any CPU
	EndGlobalSection
	GlobalSection(ProjectConfigurationPlatforms) = postSolution
		{38AED7D1-96A0-42E2-AD5C-E95429953741}.Debug|Any CPU.ActiveCfg = Debug|Any CPU
		{38AED7D1-96A0-42E2-AD5C-E95429953741}.Debug|Any CPU.Build.0 = Debug|Any CPU
		{38AED7D1-96A0-42E2-AD5C-E95429953741}.Release|Any CPU.ActiveCfg = Release|Any CPU
		{38AED7D1-96A0-42E2-AD5C-E95429953741}.Release|Any CPU.Build.0 = Release|Any CPU
	EndGlobalSection
	GlobalSection(SolutionProperties) = preSolution
		HideSolutionNode = FALSE
	EndGlobalSection
	GlobalSection(ExtensibilityGlobals) = postSolution
		SolutionGuid = {23FCDA2B-0D14-462B-B6F9-43BF6C832DF1}
	EndGlobalSection
EndGlobal
